Microsoft Visual Studio Solution File, Format Version 12.00
# Visual Studio Version 17
VisualStudioVersion = 17.5.002.0
MinimumVisualStudioVersion = 10.0.40219.1
Project("{FAE04EC0-301F-11D3-BF4B-00C04F79EFBC}") = "GoldenGateAPI", "GoldenGateAPI\GoldenGateAPI.csproj", "{57133953-5E6F-4617-B063-E69EBC8C5896}"
EndProject
Global
	GlobalSection(SolutionProperties) = preSolution
		HideSolutionNode = FALSE
	EndGlobalSection
	GlobalSection(ExtensibilityGlobals) = postSolution
		SolutionGuid = {EECC479B-5212-4958-9CA4-3E89F95C6440}
	EndGlobalSection
	GlobalSection(SolutionConfigurationPlatforms) = preSolution
		Debug|Any CPU = Debug|Any CPU
		Debug|x64 = Debug|x64
		Debug|x86 = Debug|x86
		Release|Any CPU = Release|Any CPU
		Release|x64 = Release|x64
		Release|x86 = Release|x86
	EndGlobalSection
	GlobalSection(ProjectConfigurationPlatforms) = postSolution
		{57133953-5E6F-4617-B063-E69EBC8C5896}.Debug|Any CPU.ActiveCfg = Debug|Any CPU
		{57133953-5E6F-4617-B063-E69EBC8C5896}.Debug|Any CPU.Build.0 = Debug|Any CPU
		{57133953-5E6F-4617-B063-E69EBC8C5896}.Debug|x64.ActiveCfg = Debug|Any CPU
		{57133953-5E6F-4617-B063-E69EBC8C5896}.Debug|x64.Build.0 = Debug|Any CPU
		{57133953-5E6F-4617-B063-E69EBC8C5896}.Debug|x86.ActiveCfg = Debug|Any CPU
		{57133953-5E6F-4617-B063-E69EBC8C5896}.Debug|x86.Build.0 = Debug|Any CPU
		{57133953-5E6F-4617-B063-E69EBC8C5896}.Release|Any CPU.ActiveCfg = Release|Any CPU
		{57133953-5E6F-4617-B063-E69EBC8C5896}.Release|Any CPU.Build.0 = Release|Any CPU
		{57133953-5E6F-4617-B063-E69EBC8C5896}.Release|x64.ActiveCfg = Release|Any CPU
		{57133953-5E6F-4617-B063-E69EBC8C5896}.Release|x64.Build.0 = Release|Any CPU
		{57133953-5E6F-4617-B063-E69EBC8C5896}.Release|x86.ActiveCfg = Release|Any CPU
		{57133953-5E6F-4617-B063-E69EBC8C5896}.Release|x86.Build.0 = Release|Any CPU
	EndGlobalSection
EndGlobal
